
Microsoft Visual Studio Solution File, Format Version 12.00
# Visual Studio Version 17
VisualStudioVersion = 17.2.32630.192
MinimumVisualStudioVersion = 10.0.40219.1
Project("{FAE04EC0-301F-11D3-BF4B-00C04F79EFBC}") = "dotnet-server", "dotnet-server.csproj", "{3AFD2A17-8DE7-4B80-9D8D-92266FEA79EB}"
EndProject
Global
	GlobalSection(SolutionConfigurationPlatforms) = preSolution
		Debug|Any CPU = Debug|Any CPU
		Release|Any CPU = Release|Any CPU
	EndGlobalSection
	GlobalSection(ProjectConfigurationPlatforms) = postSolution
		{3AFD2A17-8DE7-4B80-9D8D-92266FEA79EB}.Debug|Any CPU.ActiveCfg = Debug|Any CPU
		{3AFD2A17-8DE7-4B80-9D8D-92266FEA79EB}.Debug|Any CPU.Build.0 = Debug|Any CPU
		{3AFD2A17-8DE7-4B80-9D8D-92266FEA79EB}.Release|Any CPU.ActiveCfg = Release|Any CPU
		{3AFD2A17-8DE7-4B80-9D8D-92266FEA79EB}.Release|Any CPU.Build.0 = Release|Any CPU
	EndGlobalSection
	GlobalSection(SolutionProperties) = preSolution
		HideSolutionNode = FALSE
	EndGlobalSection
	GlobalSection(ExtensibilityGlobals) = postSolution
		SolutionGuid = {16117B59-EDED-4724-8141-96C5A98239A9}
	EndGlobalSection
EndGlobal
